
Microsoft Visual Studio Solution File, Format Version 12.00
# Visual Studio Version 17
VisualStudioVersion = 17.9.34607.119
MinimumVisualStudioVersion = 10.0.40219.1
Project("{FAE04EC0-301F-11D3-BF4B-00C04F79EFBC}") = "ArenaGameEngine", "ArenaGameEngine\ArenaGameEngine.csproj", "{9A27FB06-DF0A-4BD0-8E07-9E207CBEB773}"
EndProject
Project("{FAE04EC0-301F-11D3-BF4B-00C04F79EFBC}") = "ArenaGameConsole", "ArenaGameConsole\ArenaGameConsole.csproj", "{5950659C-71C7-4091-B2C5-3A5A3F49C5DB}"
EndProject
Project("{FAE04EC0-301F-11D3-BF4B-00C04F79EFBC}") = "ArenaGameWinForms", "ArenaGameWinForms\ArenaGameWinForms.csproj", "{B8FB4D3F-DECD-4F46-A9E9-04A853DD1C07}"
EndProject
Global
	GlobalSection(SolutionConfigurationPlatforms) = preSolution
		Debug|Any CPU = Debug|Any CPU
		Release|Any CPU = Release|Any CPU
	EndGlobalSection
	GlobalSection(ProjectConfigurationPlatforms) = postSolution
		{9A27FB06-DF0A-4BD0-8E07-9E207CBEB773}.Debug|Any CPU.ActiveCfg = Debug|Any CPU
		{9A27FB06-DF0A-4BD0-8E07-9E207CBEB773}.Debug|Any CPU.Build.0 = Debug|Any CPU
		{9A27FB06-DF0A-4BD0-8E07-9E207CBEB773}.Release|Any CPU.ActiveCfg = Release|Any CPU
		{9A27FB06-DF0A-4BD0-8E07-9E207CBEB773}.Release|Any CPU.Build.0 = Release|Any CPU
		{5950659C-71C7-4091-B2C5-3A5A3F49C5DB}.Debug|Any CPU.ActiveCfg = Debug|Any CPU
		{5950659C-71C7-4091-B2C5-3A5A3F49C5DB}.Debug|Any CPU.Build.0 = Debug|Any CPU
		{5950659C-71C7-4091-B2C5-3A5A3F49C5DB}.Release|Any CPU.ActiveCfg = Release|Any CPU
		{5950659C-71C7-4091-B2C5-3A5A3F49C5DB}.Release|Any CPU.Build.0 = Release|Any CPU
		{B8FB4D3F-DECD-4F46-A9E9-04A853DD1C07}.Debug|Any CPU.ActiveCfg = Debug|Any CPU
		{B8FB4D3F-DECD-4F46-A9E9-04A853DD1C07}.Debug|Any CPU.Build.0 = Debug|Any CPU
		{B8FB4D3F-DECD-4F46-A9E9-04A853DD1C07}.Release|Any CPU.ActiveCfg = Release|Any CPU
		{B8FB4D3F-DECD-4F46-A9E9-04A853DD1C07}.Release|Any CPU.Build.0 = Release|Any CPU
	EndGlobalSection
	GlobalSection(SolutionProperties) = preSolution
		HideSolutionNode = FALSE
	EndGlobalSection
	GlobalSection(ExtensibilityGlobals) = postSolution
		SolutionGuid = {98BBEC5C-BAEC-4AC2-A1AA-8F3118D9E1A5}
	EndGlobalSection
EndGlobal
